
Microsoft Visual Studio Solution File, Format Version 12.00
# Visual Studio 15
VisualStudioVersion = 15.0.28307.1340
MinimumVisualStudioVersion = 10.0.40219.1
Project("{FAE04EC0-301F-11D3-BF4B-00C04F79EFBC}") = "KataBank", "KataBank\KataBank.csproj", "{D46037AE-620F-4A61-9D44-CAFE261D98B6}"
EndProject
Project("{FAE04EC0-301F-11D3-BF4B-00C04F79EFBC}") = "KataBankTests", "KataBankTests\KataBankTests.csproj", "{62997CF6-0252-4185-9F15-A7781B3246C6}"
EndProject
Global
	GlobalSection(SolutionConfigurationPlatforms) = preSolution
		Debug|Any CPU = Debug|Any CPU
		Release|Any CPU = Release|Any CPU
	EndGlobalSection
	GlobalSection(ProjectConfigurationPlatforms) = postSolution
		{D46037AE-620F-4A61-9D44-CAFE261D98B6}.Debug|Any CPU.ActiveCfg = Debug|Any CPU
		{D46037AE-620F-4A61-9D44-CAFE261D98B6}.Debug|Any CPU.Build.0 = Debug|Any CPU
		{D46037AE-620F-4A61-9D44-CAFE261D98B6}.Release|Any CPU.ActiveCfg = Release|Any CPU
		{D46037AE-620F-4A61-9D44-CAFE261D98B6}.Release|Any CPU.Build.0 = Release|Any CPU
		{62997CF6-0252-4185-9F15-A7781B3246C6}.Debug|Any CPU.ActiveCfg = Debug|Any CPU
		{62997CF6-0252-4185-9F15-A7781B3246C6}.Debug|Any CPU.Build.0 = Debug|Any CPU
		{62997CF6-0252-4185-9F15-A7781B3246C6}.Release|Any CPU.ActiveCfg = Release|Any CPU
		{62997CF6-0252-4185-9F15-A7781B3246C6}.Release|Any CPU.Build.0 = Release|Any CPU
	EndGlobalSection
	GlobalSection(SolutionProperties) = preSolution
		HideSolutionNode = FALSE
	EndGlobalSection
	GlobalSection(ExtensibilityGlobals) = postSolution
		SolutionGuid = {0B87D87F-FD15-4419-8D8C-CBDF58C882E4}
	EndGlobalSection
EndGlobal
